{
  "name": "@c4dt/angular-components",
  "version": "3.0.0",
  "lockfileVersion": 1,
  "requires": true,
  "dependencies": {
    "@angular/cdk": {
      "version": "11.2.13",
      "resolved": "https://registry.npmjs.org/@angular/cdk/-/cdk-11.2.13.tgz",
      "integrity": "sha512-FkE4iCwoLbQxLDUOjV1I7M/6hmpyb7erAjEdWgch7nGRNxF1hqX5Bqf1lvLFKPNCbx5NRI5K7YVAdIUQUR8vug==",
      "dev": true,
      "requires": {
        "parse5": "^5.0.0",
        "tslib": "^2.0.0"
      }
    },
    "@angular/material": {
      "version": "11.2.13",
      "resolved": "https://registry.npmjs.org/@angular/material/-/material-11.2.13.tgz",
      "integrity": "sha512-FqFdGSkOtqsmeLyTSousodDGUy2NqbtxCIKv2rwbsIRwHNKB0KpR/UQhA2gMRuGa5hxhMJ0DW0Tf9neMRuLCTg==",
      "dev": true,
      "requires": {
        "tslib": "^2.0.0"
      }
    },
    "@types/node": {
      "version": "17.0.17",
      "resolved": "https://registry.npmjs.org/@types/node/-/node-17.0.17.tgz",
      "integrity": "sha512-e8PUNQy1HgJGV3iU/Bp2+D/DXh3PYeyli8LgIwsQcs1Ar1LoaWHSIT6Rw+H2rNJmiq6SNWiDytfx8+gYj7wDHw==",
      "dev": true
    },
    "@types/papaparse": {
      "version": "5.3.2",
      "resolved": "https://registry.npmjs.org/@types/papaparse/-/papaparse-5.3.2.tgz",
      "integrity": "sha512-BNbCHJkTE4RwmAFkCxEalET4mDvGr/1ld7ZtQ4i/laWI/iiVt+GL07stdvufle4KfywyvloqqpIiJscXNCrKxA==",
      "dev": true,
      "requires": {
        "@types/node": "*"
      }
    },
    "immutable": {
      "version": "4.0.0",
      "resolved": "https://registry.npmjs.org/immutable/-/immutable-4.0.0.tgz",
      "integrity": "sha512-zIE9hX70qew5qTUjSS7wi1iwj/l7+m54KWU247nhM3v806UdGj1yDndXj+IOYxxtW9zyLI+xqFNZjTuDaLUqFw==",
      "dev": true
    },
    "papaparse": {
      "version": "5.3.1",
      "resolved": "https://registry.npmjs.org/papaparse/-/papaparse-5.3.1.tgz",
      "integrity": "sha512-Dbt2yjLJrCwH2sRqKFFJaN5XgIASO9YOFeFP8rIBRG2Ain8mqk5r1M6DkfvqEVozVcz3r3HaUGw253hA1nLIcA==",
      "dev": true
    },
    "parse5": {
      "version": "5.1.1",
      "resolved": "https://registry.npmjs.org/parse5/-/parse5-5.1.1.tgz",
      "integrity": "sha512-ugq4DFI0Ptb+WWjAdOK16+u/nHfiIrcE+sh8kZMaM0WllQKLI9rOUq6c2b7cwPkXdzfQESqvoqK6ug7U/Yyzug==",
      "dev": true,
      "optional": true
    },
    "tslib": {
      "version": "2.3.1",
      "resolved": "https://registry.npmjs.org/tslib/-/tslib-2.3.1.tgz",
      "integrity": "sha512-77EbyPPpMz+FRFRuAFlWMtmgUWGe9UOG2Z25NqCwiIjRhOf5iKGuzSe5P2w1laq+FkRy4p+PCuVkJSGkzTEKVw=="
    }
  }
}
